<?xml version="1.0" encoding="utf-8"?>
<Project ToolsVersion="4.0" xmlns="http://schemas.microsoft.com/developer/msbuild/2003">
  <ItemGroup>
    <ClCompile Include="Main.cpp" />
    <ClCompile Include="Rom.cpp" />
    <ClCompile Include="Context.cpp" />
    <ClCompile Include="Mappers.cpp" />
    <ClCompile Include="Mapper0.cpp" />
    <ClCompile Include="Cpu6502.cpp" />
    <ClCompile Include="MemoryBus.cpp" />
  </ItemGroup>
  <ItemGroup>
    <ClInclude Include="Palette.h" />
    <ClInclude Include="nes.h" />
    <ClInclude Include="r6502.h" />
    <ClInclude Include="Mappers.h" />
    <ClInclude Include="Cpu6502.h" />
    <ClInclude Include="MemoryBus.h" />
  </ItemGroup>
  <ItemGroup>
    <MASM Include="r6502.asm" />
    <MASM Include="nes.asm" />
    <MASM Include="nes_io.asm" />
    <MASM Include="io.asm" />
  </ItemGroup>
  <ItemGroup>
    <None Include="r6502.inc" />
    <None Include="debug.inc" />
    <None Include="nes.inc" />
  </ItemGroup>
</Project>